// !$*UTF8*$!
{
	archiveVersion = 1;
	classes = {
	};
	objectVersion = 56;
	objects = {

/* Begin PBXBuildFile section */
		A1000001000000000000001 /* NexusToolsApp.swift in Sources */ = {isa = PBXBuildFile; fileRef = B1000001000000000000001 /* NexusToolsApp.swift */; };
		A1000002000000000000002 /* AppDelegate.swift in Sources */ = {isa = PBXBuildFile; fileRef = B1000002000000000000002 /* AppDelegate.swift */; };
		A1000003000000000000003 /* User.swift in Sources */ = {isa = PBXBuildFile; fileRef = B1000003000000000000003 /* User.swift */; };
		A1000004000000000000004 /* AppSetting.swift in Sources */ = {isa = PBXBuildFile; fileRef = B1000004000000000000004 /* AppSetting.swift */; };
		A1000005000000000000005 /* MainView.swift in Sources */ = {isa = PBXBuildFile; fileRef = B1000005000000000000005 /* MainView.swift */; };
		A1000006000000000000006 /* QuickLaunchView.swift in Sources */ = {isa = PBXBuildFile; fileRef = B1000006000000000000006 /* QuickLaunchView.swift */; };
		A1000007000000000000007 /* DatabaseService.swift in Sources */ = {isa = PBXBuildFile; fileRef = B1000007000000000000007 /* DatabaseService.swift */; };
		A1000008000000000000008 /* NetworkService.swift in Sources */ = {isa = PBXBuildFile; fileRef = B1000008000000000000008 /* NetworkService.swift */; };
		A1000009000000000000009 /* Assets.xcassets in Resources */ = {isa = PBXBuildFile; fileRef = B1000009000000000000009 /* Assets.xcassets */; };
/* End PBXBuildFile section */

/* Begin PBXFileReference section */
		B1000001000000000000001 /* NexusToolsApp.swift */ = {isa = PBXFileReference; lastKnownFileType = sourcecode.swift; path = NexusToolsApp.swift; sourceTree = "<group>"; };
		B1000002000000000000002 /* AppDelegate.swift */ = {isa = PBXFileReference; lastKnownFileType = sourcecode.swift; path = AppDelegate.swift; sourceTree = "<group>"; };
		B1000003000000000000003 /* User.swift */ = {isa = PBXFileReference; lastKnownFileType = sourcecode.swift; path = User.swift; sourceTree = "<group>"; };
		B1000004000000000000004 /* AppSetting.swift */ = {isa = PBXFileReference; lastKnownFileType = sourcecode.swift; path = AppSetting.swift; sourceTree = "<group>"; };
		B1000005000000000000005 /* MainView.swift */ = {isa = PBXFileReference; lastKnownFileType = sourcecode.swift; path = MainView.swift; sourceTree = "<group>"; };
		B1000006000000000000006 /* QuickLaunchView.swift */ = {isa = PBXFileReference; lastKnownFileType = sourcecode.swift; path = QuickLaunchView.swift; sourceTree = "<group>"; };
		B1000007000000000000007 /* DatabaseService.swift */ = {isa = PBXFileReference; lastKnownFileType = sourcecode.swift; path = DatabaseService.swift; sourceTree = "<group>"; };
		B1000008000000000000008 /* NetworkService.swift */ = {isa = PBXFileReference; lastKnownFileType = sourcecode.swift; path = NetworkService.swift; sourceTree = "<group>"; };
		B1000009000000000000009 /* Assets.xcassets */ = {isa = PBXFileReference; lastKnownFileType = folder.assetcatalog; path = Assets.xcassets; sourceTree = "<group>"; };
		B1000010000000000000010 /* Info.plist */ = {isa = PBXFileReference; lastKnownFileType = text.plist.xml; path = Info.plist; sourceTree = "<group>"; };
		B1000011000000000000011 /* NexusTools.entitlements */ = {isa = PBXFileReference; lastKnownFileType = text.plist.entitlements; path = NexusTools.entitlements; sourceTree = "<group>"; };
		C1000001000000000000001 /* NexusTools.app */ = {isa = PBXFileReference; explicitFileType = wrapper.application; includeInIndex = 0; path = NexusTools.app; sourceTree = BUILT_PRODUCTS_DIR; };
/* End PBXFileReference section */

/* Begin PBXFrameworksBuildPhase section */
		D1000001000000000000001 /* Frameworks */ = {
			isa = PBXFrameworksBuildPhase;
			buildActionMask = 2147483647;
			files = (
			);
			runOnlyForDeploymentPostprocessing = 0;
		};
/* End PBXFrameworksBuildPhase section */

/* Begin PBXGroup section */
		E1000001000000000000001 = {
			isa = PBXGroup;
			children = (
				E1000002000000000000002 /* NexusTools */,
				E1000003000000000000003 /* Products */,
			);
			sourceTree = "<group>";
		};
		E1000002000000000000002 /* NexusTools */ = {
			isa = PBXGroup;
			children = (
				E1000004000000000000004 /* App */,
				E1000005000000000000005 /* Models */,
				E1000006000000000000006 /* Views */,
				E1000007000000000000007 /* ViewModels */,
				E1000008000000000000008 /* Services */,
				E1000009000000000000009 /* Utils */,
				E1000010000000000000010 /* Resources */,
				B1000010000000000000010 /* Info.plist */,
				B1000011000000000000011 /* NexusTools.entitlements */,
			);
			path = NexusTools;
			sourceTree = "<group>";
		};
		E1000003000000000000003 /* Products */ = {
			isa = PBXGroup;
			children = (
				C1000001000000000000001 /* NexusTools.app */,
			);
			name = Products;
			sourceTree = "<group>";
		};
		E1000004000000000000004 /* App */ = {
			isa = PBXGroup;
			children = (
				B1000001000000000000001 /* NexusToolsApp.swift */,
				B1000002000000000000002 /* AppDelegate.swift */,
			);
			path = App;
			sourceTree = "<group>";
		};
		E1000005000000000000005 /* Models */ = {
			isa = PBXGroup;
			children = (
				B1000003000000000000003 /* User.swift */,
				B1000004000000000000004 /* AppSetting.swift */,
			);
			path = Models;
			sourceTree = "<group>";
		};
		E1000006000000000000006 /* Views */ = {
			isa = PBXGroup;
			children = (
				B1000005000000000000005 /* MainView.swift */,
				B1000006000000000000006 /* QuickLaunchView.swift */,
			);
			path = Views;
			sourceTree = "<group>";
		};
		E1000007000000000000007 /* ViewModels */ = {
			isa = PBXGroup;
			children = (
			);
			path = ViewModels;
			sourceTree = "<group>";
		};
		E1000008000000000000008 /* Services */ = {
			isa = PBXGroup;
			children = (
				B1000007000000000000007 /* DatabaseService.swift */,
				B1000008000000000000008 /* NetworkService.swift */,
			);
			path = Services;
			sourceTree = "<group>";
		};
		E1000009000000000000009 /* Utils */ = {
			isa = PBXGroup;
			children = (
			);
			path = Utils;
			sourceTree = "<group>";
		};
		E1000010000000000000010 /* Resources */ = {
			isa = PBXGroup;
			children = (
				B1000009000000000000009 /* Assets.xcassets */,
			);
			path = Resources;
			sourceTree = "<group>";
		};
/* End PBXGroup section */

/* Begin PBXNativeTarget section */
		F1000001000000000000001 /* NexusTools */ = {
			isa = PBXNativeTarget;
			buildConfigurationList = G1000001000000000000001 /* Build configuration list for PBXNativeTarget "NexusTools" */;
			buildPhases = (
				H1000001000000000000001 /* Sources */,
				D1000001000000000000001 /* Frameworks */,
				I1000001000000000000001 /* Resources */,
			);
			buildRules = (
			);
			dependencies = (
			);
			name = NexusTools;
			productName = NexusTools;
			productReference = C1000001000000000000001 /* NexusTools.app */;
			productType = "com.apple.product-type.application";
		};
/* End PBXNativeTarget section */

/* Begin PBXProject section */
		J1000001000000000000001 /* Project object */ = {
			isa = PBXProject;
			attributes = {
				BuildIndependentTargetsInParallel = 1;
				LastSwiftUpdateCheck = 1500;
				LastUpgradeCheck = 1500;
				TargetAttributes = {
					F1000001000000000000001 = {
						CreatedOnToolsVersion = 15.0;
					};
				};
			};
			buildConfigurationList = K1000001000000000000001 /* Build configuration list for PBXProject "NexusTools" */;
			compatibilityVersion = "Xcode 14.0";
			developmentRegion = en;
			hasScannedForEncodings = 0;
			knownRegions = (
				en,
				Base,
			);
			mainGroup = E1000001000000000000001;
			productRefGroup = E1000003000000000000003 /* Products */;
			projectDirPath = "";
			projectRoot = "";
			targets = (
				F1000001000000000000001 /* NexusTools */,
			);
		};
/* End PBXProject section */

/* Begin PBXResourcesBuildPhase section */
		I1000001000000000000001 /* Resources */ = {
			isa = PBXResourcesBuildPhase;
			buildActionMask = 2147483647;
			files = (
				A1000009000000000000009 /* Assets.xcassets in Resources */,
			);
			runOnlyForDeploymentPostprocessing = 0;
		};
/* End PBXResourcesBuildPhase section */

/* Begin PBXSourcesBuildPhase section */
		H1000001000000000000001 /* Sources */ = {
			isa = PBXSourcesBuildPhase;
			buildActionMask = 2147483647;
			files = (
				A1000001000000000000001 /* NexusToolsApp.swift in Sources */,
				A1000002000000000000002 /* AppDelegate.swift in Sources */,
				A1000003000000000000003 /* User.swift in Sources */,
				A1000004000000000000004 /* AppSetting.swift in Sources */,
				A1000005000000000000005 /* MainView.swift in Sources */,
				A1000006000000000000006 /* QuickLaunchView.swift in Sources */,
				A1000007000000000000007 /* DatabaseService.swift in Sources */,
				A1000008000000000000008 /* NetworkService.swift in Sources */,
			);
			runOnlyForDeploymentPostprocessing = 0;
		};
/* End PBXSourcesBuildPhase section */

/* Begin XCBuildConfiguration section */
		L1000001000000000000001 /* Debug */ = {
			isa = XCBuildConfiguration;
			buildSettings = {
				ALWAYS_SEARCH_USER_PATHS = NO;
				ASSETCATALOG_COMPILER_GENERATE_SWIFT_ASSET_SYMBOL_EXTENSIONS = YES;
				CLANG_ANALYZER_NONNULL = YES;
				CLANG_ANALYZER_NUMBER_OBJECT_CONVERSION = YES_AGGRESSIVE;
				CLANG_CXX_LANGUAGE_STANDARD = "gnu++20";
				CLANG_ENABLE_MODULES = YES;
				CLANG_ENABLE_OBJC_ARC = YES;
				CLANG_ENABLE_OBJC_WEAK = YES;
				CLANG_WARN_BLOCK_CAPTURE_AUTORELEASING = YES;
				CLANG_WARN_BOOL_CONVERSION = YES;
				CLANG_WARN_COMMA = YES;
				CLANG_WARN_CONSTANT_CONVERSION = YES;
				CLANG_WARN_DEPRECATED_OBJC_IMPLEMENTATIONS = YES;
				CLANG_WARN_DIRECT_OBJC_ISA_USAGE = YES_ERROR;
				CLANG_WARN_DOCUMENTATION_COMMENTS = YES;
				CLANG_WARN_EMPTY_BODY = YES;
				CLANG_WARN_ENUM_CONVERSION = YES;
				CLANG_WARN_INFINITE_RECURSION = YES;
				CLANG_WARN_INT_CONVERSION = YES;
				CLANG_WARN_NON_LITERAL_NULL_CONVERSION = YES;
				CLANG_WARN_OBJC_IMPLICIT_RETAIN_SELF = YES;
				CLANG_WARN_OBJC_LITERAL_CONVERSION = YES;
				CLANG_WARN_OBJC_ROOT_CLASS = YES_ERROR;
				CLANG_WARN_QUOTED_INCLUDE_IN_FRAMEWORK_HEADER = YES;
				CLANG_WARN_RANGE_LOOP_ANALYSIS = YES;
				CLANG_WARN_STRICT_PROTOTYPES = YES;
				CLANG_WARN_SUSPICIOUS_MOVE = YES;
				CLANG_WARN_UNGUARDED_AVAILABILITY = YES_AGGRESSIVE;
				CLANG_WARN_UNREACHABLE_CODE = YES;
				CLANG_WARN__DUPLICATE_METHOD_MATCH = YES;
				COPY_PHASE_STRIP = NO;
				DEBUG_INFORMATION_FORMAT = dwarf;
				ENABLE_STRICT_OBJC_MSGSEND = YES;
				ENABLE_TESTABILITY = YES;
				ENABLE_USER_SCRIPT_SANDBOXING = YES;
				GCC_C_LANGUAGE_STANDARD = gnu17;
				GCC_DYNAMIC_NO_PIC = NO;
				GCC_NO_COMMON_BLOCKS = YES;
				GCC_OPTIMIZATION_LEVEL = 0;
				GCC_PREPROCESSOR_DEFINITIONS = (
					"DEBUG=1",
					"$(inherited)",
				);
				GCC_WARN_64_TO_32_BIT_CONVERSION = YES;
				GCC_WARN_ABOUT_RETURN_TYPE = YES_ERROR;
				GCC_WARN_UNDECLARED_SELECTOR = YES;
				GCC_WARN_UNINITIALIZED_AUTOS = YES_AGGRESSIVE;
				GCC_WARN_UNUSED_FUNCTION = YES;
				GCC_WARN_UNUSED_VARIABLE = YES;
				GENERATE_INFOPLIST_FILE = YES;
				LOCALIZATION_PREFERS_STRING_CATALOGS = YES;
				MACOSX_DEPLOYMENT_TARGET = 14.0;
				MTL_ENABLE_DEBUG_INFO = INCLUDE_SOURCE;
				MTL_FAST_MATH = YES;
				ONLY_ACTIVE_ARCH = YES;
				SDKROOT = macosx;
				SWIFT_ACTIVE_COMPILATION_CONDITIONS = "DEBUG $(inherited)";
				SWIFT_OPTIMIZATION_LEVEL = "-Onone";
			};
			name = Debug;
		};
		L1000002000000000000002 /* Release */ = {
			isa = XCBuildConfiguration;
			buildSettings = {
				ALWAYS_SEARCH_USER_PATHS = NO;
				ASSETCATALOG_COMPILER_GENERATE_SWIFT_ASSET_SYMBOL_EXTENSIONS = YES;
				CLANG_ANALYZER_NONNULL = YES;
				CLANG_ANALYZER_NUMBER_OBJECT_CONVERSION = YES_AGGRESSIVE;
				CLANG_CXX_LANGUAGE_STANDARD = "gnu++20";
				CLANG_ENABLE_MODULES = YES;
				CLANG_ENABLE_OBJC_ARC = YES;
				CLANG_ENABLE_OBJC_WEAK = YES;
				CLANG_WARN_BLOCK_CAPTURE_AUTORELEASING = YES;
				CLANG_WARN_BOOL_CONVERSION = YES;
				CLANG_WARN_COMMA = YES;
				CLANG_WARN_CONSTANT_CONVERSION = YES;
				CLANG_WARN_DEPRECATED_OBJC_IMPLEMENTATIONS = YES;
				CLANG_WARN_DIRECT_OBJC_ISA_USAGE = YES_ERROR;
				CLANG_WARN_DOCUMENTATION_COMMENTS = YES;
				CLANG_WARN_EMPTY_BODY = YES;
				CLANG_WARN_ENUM_CONVERSION = YES;
				CLANG_WARN_INFINITE_RECURSION = YES;
				CLANG_WARN_INT_CONVERSION = YES;
				CLANG_WARN_NON_LITERAL_NULL_CONVERSION = YES;
				CLANG_WARN_OBJC_IMPLICIT_RETAIN_SELF = YES;
				CLANG_WARN_OBJC_LITERAL_CONVERSION = YES;
				CLANG_WARN_OBJC_ROOT_CLASS = YES_ERROR;
				CLANG_WARN_QUOTED_INCLUDE_IN_FRAMEWORK_HEADER = YES;
				CLANG_WARN_RANGE_LOOP_ANALYSIS = YES;
				CLANG_WARN_STRICT_PROTOTYPES = YES;
				CLANG_WARN_SUSPICIOUS_MOVE = YES;
				CLANG_WARN_UNGUARDED_AVAILABILITY = YES_AGGRESSIVE;
				CLANG_WARN_UNREACHABLE_CODE = YES;
				CLANG_WARN__DUPLICATE_METHOD_MATCH = YES;
				COPY_PHASE_STRIP = NO;
				DEBUG_INFORMATION_FORMAT = "dwarf-with-dsym";
				ENABLE_NS_ASSERTIONS = NO;
				ENABLE_STRICT_OBJC_MSGSEND = YES;
				ENABLE_USER_SCRIPT_SANDBOXING = YES;
				GCC_C_LANGUAGE_STANDARD = gnu17;
				GCC_NO_COMMON_BLOCKS = YES;
				GCC_WARN_64_TO_32_BIT_CONVERSION = YES;
				GCC_WARN_ABOUT_RETURN_TYPE = YES_ERROR;
				GCC_WARN_UNDECLARED_SELECTOR = YES;
				GCC_WARN_UNINITIALIZED_AUTOS = YES_AGGRESSIVE;
				GCC_WARN_UNUSED_FUNCTION = YES;
				GCC_WARN_UNUSED_VARIABLE = YES;
				GENERATE_INFOPLIST_FILE = YES;
				LOCALIZATION_PREFERS_STRING_CATALOGS = YES;
				MACOSX_DEPLOYMENT_TARGET = 14.0;
				MTL_ENABLE_DEBUG_INFO = NO;
				MTL_FAST_MATH = YES;
				SDKROOT = macosx;
				SWIFT_COMPILATION_MODE = wholemodule;
			};
			name = Release;
		};
		M1000001000000000000001 /* Debug */ = {
			isa = XCBuildConfiguration;
			buildSettings = {
				ASSETCATALOG_COMPILER_APPICON_NAME = AppIcon;
				ASSETCATALOG_COMPILER_GLOBAL_ACCENT_COLOR_NAME = AccentColor;
				CODE_SIGN_ENTITLEMENTS = NexusTools/NexusTools.entitlements;
				CODE_SIGN_STYLE = Automatic;
				COMBINE_HIDPI_IMAGES = YES;
				CURRENT_PROJECT_VERSION = 1;
				DEVELOPMENT_ASSET_PATHS = "";
				DEVELOPMENT_TEAM = "";
				ENABLE_HARDENED_RUNTIME = YES;
				ENABLE_PREVIEWS = YES;
				GENERATE_INFOPLIST_FILE = YES;
				INFOPLIST_FILE = NexusTools/Info.plist;
				INFOPLIST_KEY_NSHumanReadableCopyright = "Copyright © 2024 NexusTools. All rights reserved.";
				INFOPLIST_KEY_NSPrincipalClass = NSApplication;
				LD_RUNPATH_SEARCH_PATHS = (
					"$(inherited)",
					"@executable_path/../Frameworks",
				);
				MARKETING_VERSION = 1.0;
				PRODUCT_BUNDLE_IDENTIFIER = com.nexus.NexusTools;
				PRODUCT_NAME = "$(TARGET_NAME)";
				SWIFT_EMIT_LOC_STRINGS = YES;
				SWIFT_VERSION = 5.0;
			};
			name = Debug;
		};
		M1000002000000000000002 /* Release */ = {
			isa = XCBuildConfiguration;
			buildSettings = {
				ASSETCATALOG_COMPILER_APPICON_NAME = AppIcon;
				ASSETCATALOG_COMPILER_GLOBAL_ACCENT_COLOR_NAME = AccentColor;
				CODE_SIGN_ENTITLEMENTS = NexusTools/NexusTools.entitlements;
				CODE_SIGN_STYLE = Automatic;
				COMBINE_HIDPI_IMAGES = YES;
				CURRENT_PROJECT_VERSION = 1;
				DEVELOPMENT_ASSET_PATHS = "";
				DEVELOPMENT_TEAM = "";
				ENABLE_HARDENED_RUNTIME = YES;
				ENABLE_PREVIEWS = YES;
				GENERATE_INFOPLIST_FILE = YES;
				INFOPLIST_FILE = NexusTools/Info.plist;
				INFOPLIST_KEY_NSHumanReadableCopyright = "Copyright © 2024 NexusTools. All rights reserved.";
				INFOPLIST_KEY_NSPrincipalClass = NSApplication;
				LD_RUNPATH_SEARCH_PATHS = (
					"$(inherited)",
					"@executable_path/../Frameworks",
				);
				MARKETING_VERSION = 1.0;
				PRODUCT_BUNDLE_IDENTIFIER = com.nexus.NexusTools;
				PRODUCT_NAME = "$(TARGET_NAME)";
				SWIFT_EMIT_LOC_STRINGS = YES;
				SWIFT_VERSION = 5.0;
			};
			name = Release;
		};
/* End XCBuildConfiguration section */

/* Begin XCConfigurationList section */
		K1000001000000000000001 /* Build configuration list for PBXProject "NexusTools" */ = {
			isa = XCConfigurationList;
			buildConfigurations = (
				L1000001000000000000001 /* Debug */,
				L1000002000000000000002 /* Release */,
			);
			defaultConfigurationIsVisible = 0;
			defaultConfigurationName = Release;
		};
		G1000001000000000000001 /* Build configuration list for PBXNativeTarget "NexusTools" */ = {
			isa = XCConfigurationList;
			buildConfigurations = (
				M1000001000000000000001 /* Debug */,
				M1000002000000000000002 /* Release */,
			);
			defaultConfigurationIsVisible = 0;
			defaultConfigurationName = Release;
		};
/* End XCConfigurationList section */
	};
	rootObject = J1000001000000000000001 /* Project object */;
}